// !$*UTF8*$!
{
	archiveVersion = 1;
	classes = {
	};
	objectVersion = 56;
	objects = {

/* Begin PBXBuildFile section */
		8020D96429DBFB2400BC69C5 /* AppDelegate.swift in Sources */ = {isa = PBXBuildFile; fileRef = 8020D96329DBFB2400BC69C5 /* AppDelegate.swift */; };
		8020D96629DBFB2400BC69C5 /* SceneDelegate.swift in Sources */ = {isa = PBXBuildFile; fileRef = 8020D96529DBFB2400BC69C5 /* SceneDelegate.swift */; };
		8020D96829DBFB2400BC69C5 /* StartViewController.swift in Sources */ = {isa = PBXBuildFile; fileRef = 8020D96729DBFB2400BC69C5 /* StartViewController.swift */; };
		8020D96B29DBFB2400BC69C5 /* Main.storyboard in Resources */ = {isa = PBXBuildFile; fileRef = 8020D96929DBFB2400BC69C5 /* Main.storyboard */; };
		8020D96E29DBFB2500BC69C5 /* IslamGuide_uz.xcdatamodeld in Sources */ = {isa = PBXBuildFile; fileRef = 8020D96C29DBFB2500BC69C5 /* IslamGuide_uz.xcdatamodeld */; };
		8020D97029DBFB2700BC69C5 /* Assets.xcassets in Resources */ = {isa = PBXBuildFile; fileRef = 8020D96F29DBFB2700BC69C5 /* Assets.xcassets */; };
		8020D97329DBFB2700BC69C5 /* LaunchScreen.storyboard in Resources */ = {isa = PBXBuildFile; fileRef = 8020D97129DBFB2700BC69C5 /* LaunchScreen.storyboard */; };
		8020D97F29DC154300BC69C5 /* QuranTableViewController.swift in Sources */ = {isa = PBXBuildFile; fileRef = 8020D97E29DC154300BC69C5 /* QuranTableViewController.swift */; };
		8020D98229DC165600BC69C5 /* QuranCell.swift in Sources */ = {isa = PBXBuildFile; fileRef = 8020D98129DC165600BC69C5 /* QuranCell.swift */; };
		8020D98529DC1A0000BC69C5 /* Alamofire in Frameworks */ = {isa = PBXBuildFile; productRef = 8020D98429DC1A0000BC69C5 /* Alamofire */; };
		8020D98829DC1A1700BC69C5 /* SpringAnimation in Frameworks */ = {isa = PBXBuildFile; productRef = 8020D98729DC1A1700BC69C5 /* SpringAnimation */; };
		8020D98A29DC1F2E00BC69C5 /* NetworkManager.swift in Sources */ = {isa = PBXBuildFile; fileRef = 8020D98929DC1F2E00BC69C5 /* NetworkManager.swift */; };
		8020D98E29DC1F5800BC69C5 /* Quran.swift in Sources */ = {isa = PBXBuildFile; fileRef = 8020D98D29DC1F5800BC69C5 /* Quran.swift */; };
		804EBD9429E53F6900355646 /* uz.sodik.json in Resources */ = {isa = PBXBuildFile; fileRef = 804EBD9329E53F6900355646 /* uz.sodik.json */; };
		804EBD9629E5430F00355646 /* quran.json in Resources */ = {isa = PBXBuildFile; fileRef = 804EBD9529E5430F00355646 /* quran.json */; };
		804EBD9829E54DFA00355646 /* TasbihViewController.swift in Sources */ = {isa = PBXBuildFile; fileRef = 804EBD9729E54DF900355646 /* TasbihViewController.swift */; };
		8081A63629DFDE5800E06DC4 /* AyahCell.swift in Sources */ = {isa = PBXBuildFile; fileRef = 8081A63529DFDE5800E06DC4 /* AyahCell.swift */; };
		80D8BB0229DD617300712543 /* AyahTableViewController.swift in Sources */ = {isa = PBXBuildFile; fileRef = 80D8BB0129DD617300712543 /* AyahTableViewController.swift */; };
/* End PBXBuildFile section */

/* Begin PBXFileReference section */
		8020D96029DBFB2400BC69C5 /* IslamGuide.uz.app */ = {isa = PBXFileReference; explicitFileType = wrapper.application; includeInIndex = 0; path = IslamGuide.uz.app; sourceTree = BUILT_PRODUCTS_DIR; };
		8020D96329DBFB2400BC69C5 /* AppDelegate.swift */ = {isa = PBXFileReference; lastKnownFileType = sourcecode.swift; path = AppDelegate.swift; sourceTree = "<group>"; };
		8020D96529DBFB2400BC69C5 /* SceneDelegate.swift */ = {isa = PBXFileReference; lastKnownFileType = sourcecode.swift; path = SceneDelegate.swift; sourceTree = "<group>"; };
		8020D96729DBFB2400BC69C5 /* StartViewController.swift */ = {isa = PBXFileReference; lastKnownFileType = sourcecode.swift; path = StartViewController.swift; sourceTree = "<group>"; };
		8020D96A29DBFB2400BC69C5 /* Base */ = {isa = PBXFileReference; lastKnownFileType = file.storyboard; name = Base; path = Base.lproj/Main.storyboard; sourceTree = "<group>"; };
		8020D96D29DBFB2500BC69C5 /* IslamGuide_uz.xcdatamodel */ = {isa = PBXFileReference; lastKnownFileType = wrapper.xcdatamodel; path = IslamGuide_uz.xcdatamodel; sourceTree = "<group>"; };
		8020D96F29DBFB2700BC69C5 /* Assets.xcassets */ = {isa = PBXFileReference; lastKnownFileType = folder.assetcatalog; path = Assets.xcassets; sourceTree = "<group>"; };
		8020D97229DBFB2700BC69C5 /* Base */ = {isa = PBXFileReference; lastKnownFileType = file.storyboard; name = Base; path = Base.lproj/LaunchScreen.storyboard; sourceTree = "<group>"; };
		8020D97429DBFB2700BC69C5 /* Info.plist */ = {isa = PBXFileReference; lastKnownFileType = text.plist.xml; path = Info.plist; sourceTree = "<group>"; };
		8020D97E29DC154300BC69C5 /* QuranTableViewController.swift */ = {isa = PBXFileReference; lastKnownFileType = sourcecode.swift; path = QuranTableViewController.swift; sourceTree = "<group>"; };
		8020D98129DC165600BC69C5 /* QuranCell.swift */ = {isa = PBXFileReference; lastKnownFileType = sourcecode.swift; path = QuranCell.swift; sourceTree = "<group>"; };
		8020D98929DC1F2E00BC69C5 /* NetworkManager.swift */ = {isa = PBXFileReference; lastKnownFileType = sourcecode.swift; path = NetworkManager.swift; sourceTree = "<group>"; };
		8020D98D29DC1F5800BC69C5 /* Quran.swift */ = {isa = PBXFileReference; lastKnownFileType = sourcecode.swift; path = Quran.swift; sourceTree = "<group>"; };
		804EBD9329E53F6900355646 /* uz.sodik.json */ = {isa = PBXFileReference; fileEncoding = 4; lastKnownFileType = text.json; path = uz.sodik.json; sourceTree = "<group>"; };
		804EBD9529E5430F00355646 /* quran.json */ = {isa = PBXFileReference; fileEncoding = 4; lastKnownFileType = text.json; path = quran.json; sourceTree = "<group>"; };
		804EBD9729E54DF900355646 /* TasbihViewController.swift */ = {isa = PBXFileReference; lastKnownFileType = sourcecode.swift; path = TasbihViewController.swift; sourceTree = "<group>"; };
		8081A63529DFDE5800E06DC4 /* AyahCell.swift */ = {isa = PBXFileReference; lastKnownFileType = sourcecode.swift; path = AyahCell.swift; sourceTree = "<group>"; };
		80D8BB0129DD617300712543 /* AyahTableViewController.swift */ = {isa = PBXFileReference; lastKnownFileType = sourcecode.swift; path = AyahTableViewController.swift; sourceTree = "<group>"; };
/* End PBXFileReference section */

/* Begin PBXFrameworksBuildPhase section */
		8020D95D29DBFB2400BC69C5 /* Frameworks */ = {
			isa = PBXFrameworksBuildPhase;
			buildActionMask = 2147483647;
			files = (
				8020D98829DC1A1700BC69C5 /* SpringAnimation in Frameworks */,
				8020D98529DC1A0000BC69C5 /* Alamofire in Frameworks */,
			);
			runOnlyForDeploymentPostprocessing = 0;
		};
/* End PBXFrameworksBuildPhase section */

/* Begin PBXGroup section */
		8020D95729DBFB2400BC69C5 = {
			isa = PBXGroup;
			children = (
				8020D96229DBFB2400BC69C5 /* IslamGuide.uz */,
				8020D96129DBFB2400BC69C5 /* Products */,
			);
			sourceTree = "<group>";
		};
		8020D96129DBFB2400BC69C5 /* Products */ = {
			isa = PBXGroup;
			children = (
				8020D96029DBFB2400BC69C5 /* IslamGuide.uz.app */,
			);
			name = Products;
			sourceTree = "<group>";
		};
		8020D96229DBFB2400BC69C5 /* IslamGuide.uz */ = {
			isa = PBXGroup;
			children = (
				804EBD9229E53F5400355646 /* DataStore */,
				8020D97A29DBFD8A00BC69C5 /* App */,
				8020D98029DC163A00BC69C5 /* Views */,
				8020D97B29DBFD9300BC69C5 /* ViewControllers */,
				8020D97C29DBFDA400BC69C5 /* Storyboards */,
				8020D97D29DBFDB400BC69C5 /* Resources */,
				8020D98C29DC1F3E00BC69C5 /* Services */,
				8020D98F29DC1F5D00BC69C5 /* Models */,
			);
			path = IslamGuide.uz;
			sourceTree = "<group>";
		};
		8020D97A29DBFD8A00BC69C5 /* App */ = {
			isa = PBXGroup;
			children = (
				8020D96329DBFB2400BC69C5 /* AppDelegate.swift */,
				8020D96529DBFB2400BC69C5 /* SceneDelegate.swift */,
				8020D97429DBFB2700BC69C5 /* Info.plist */,
			);
			path = App;
			sourceTree = "<group>";
		};
		8020D97B29DBFD9300BC69C5 /* ViewControllers */ = {
			isa = PBXGroup;
			children = (
				8020D96729DBFB2400BC69C5 /* StartViewController.swift */,
				8020D97E29DC154300BC69C5 /* QuranTableViewController.swift */,
				80D8BB0129DD617300712543 /* AyahTableViewController.swift */,
				804EBD9729E54DF900355646 /* TasbihViewController.swift */,
			);
			path = ViewControllers;
			sourceTree = "<group>";
		};
		8020D97C29DBFDA400BC69C5 /* Storyboards */ = {
			isa = PBXGroup;
			children = (
				8020D96929DBFB2400BC69C5 /* Main.storyboard */,
				8020D97129DBFB2700BC69C5 /* LaunchScreen.storyboard */,
			);
			path = Storyboards;
			sourceTree = "<group>";
		};
		8020D97D29DBFDB400BC69C5 /* Resources */ = {
			isa = PBXGroup;
			children = (
				8020D96F29DBFB2700BC69C5 /* Assets.xcassets */,
				8020D96C29DBFB2500BC69C5 /* IslamGuide_uz.xcdatamodeld */,
			);
			path = Resources;
			sourceTree = "<group>";
		};
		8020D98029DC163A00BC69C5 /* Views */ = {
			isa = PBXGroup;
			children = (
				8020D98129DC165600BC69C5 /* QuranCell.swift */,
				8081A63529DFDE5800E06DC4 /* AyahCell.swift */,
			);
			path = Views;
			sourceTree = "<group>";
		};
		8020D98C29DC1F3E00BC69C5 /* Services */ = {
			isa = PBXGroup;
			children = (
				8020D98929DC1F2E00BC69C5 /* NetworkManager.swift */,
			);
			path = Services;
			sourceTree = "<group>";
		};
		8020D98F29DC1F5D00BC69C5 /* Models */ = {
			isa = PBXGroup;
			children = (
				8020D98D29DC1F5800BC69C5 /* Quran.swift */,
			);
			path = Models;
			sourceTree = "<group>";
		};
		804EBD9229E53F5400355646 /* DataStore */ = {
			isa = PBXGroup;
			children = (
				804EBD9329E53F6900355646 /* uz.sodik.json */,
				804EBD9529E5430F00355646 /* quran.json */,
			);
			path = DataStore;
			sourceTree = "<group>";
		};
/* End PBXGroup section */

/* Begin PBXNativeTarget section */
		8020D95F29DBFB2400BC69C5 /* IslamGuide.uz */ = {
			isa = PBXNativeTarget;
			buildConfigurationList = 8020D97729DBFB2700BC69C5 /* Build configuration list for PBXNativeTarget "IslamGuide.uz" */;
			buildPhases = (
				8020D95C29DBFB2400BC69C5 /* Sources */,
				8020D95D29DBFB2400BC69C5 /* Frameworks */,
				8020D95E29DBFB2400BC69C5 /* Resources */,
			);
			buildRules = (
			);
			dependencies = (
			);
			name = IslamGuide.uz;
			packageProductDependencies = (
				8020D98429DC1A0000BC69C5 /* Alamofire */,
				8020D98729DC1A1700BC69C5 /* SpringAnimation */,
			);
			productName = IslamGuide.uz;
			productReference = 8020D96029DBFB2400BC69C5 /* IslamGuide.uz.app */;
			productType = "com.apple.product-type.application";
		};
/* End PBXNativeTarget section */

/* Begin PBXProject section */
		8020D95829DBFB2400BC69C5 /* Project object */ = {
			isa = PBXProject;
			attributes = {
				BuildIndependentTargetsInParallel = 1;
				LastSwiftUpdateCheck = 1420;
				LastUpgradeCheck = 1420;
				TargetAttributes = {
					8020D95F29DBFB2400BC69C5 = {
						CreatedOnToolsVersion = 14.2;
					};
				};
			};
			buildConfigurationList = 8020D95B29DBFB2400BC69C5 /* Build configuration list for PBXProject "IslamGuide.uz" */;
			compatibilityVersion = "Xcode 14.0";
			developmentRegion = en;
			hasScannedForEncodings = 0;
			knownRegions = (
				en,
				Base,
			);
			mainGroup = 8020D95729DBFB2400BC69C5;
			packageReferences = (
				8020D98329DC1A0000BC69C5 /* XCRemoteSwiftPackageReference "Alamofire" */,
				8020D98629DC1A1700BC69C5 /* XCRemoteSwiftPackageReference "SpringAnimation" */,
			);
			productRefGroup = 8020D96129DBFB2400BC69C5 /* Products */;
			projectDirPath = "";
			projectRoot = "";
			targets = (
				8020D95F29DBFB2400BC69C5 /* IslamGuide.uz */,
			);
		};
/* End PBXProject section */

/* Begin PBXResourcesBuildPhase section */
		8020D95E29DBFB2400BC69C5 /* Resources */ = {
			isa = PBXResourcesBuildPhase;
			buildActionMask = 2147483647;
			files = (
				804EBD9429E53F6900355646 /* uz.sodik.json in Resources */,
				8020D97329DBFB2700BC69C5 /* LaunchScreen.storyboard in Resources */,
				804EBD9629E5430F00355646 /* quran.json in Resources */,
				8020D97029DBFB2700BC69C5 /* Assets.xcassets in Resources */,
				8020D96B29DBFB2400BC69C5 /* Main.storyboard in Resources */,
			);
			runOnlyForDeploymentPostprocessing = 0;
		};
/* End PBXResourcesBuildPhase section */

/* Begin PBXSourcesBuildPhase section */
		8020D95C29DBFB2400BC69C5 /* Sources */ = {
			isa = PBXSourcesBuildPhase;
			buildActionMask = 2147483647;
			files = (
				8020D97F29DC154300BC69C5 /* QuranTableViewController.swift in Sources */,
				8020D96E29DBFB2500BC69C5 /* IslamGuide_uz.xcdatamodeld in Sources */,
				8081A63629DFDE5800E06DC4 /* AyahCell.swift in Sources */,
				8020D96829DBFB2400BC69C5 /* StartViewController.swift in Sources */,
				8020D98A29DC1F2E00BC69C5 /* NetworkManager.swift in Sources */,
				8020D98229DC165600BC69C5 /* QuranCell.swift in Sources */,
				80D8BB0229DD617300712543 /* AyahTableViewController.swift in Sources */,
				804EBD9829E54DFA00355646 /* TasbihViewController.swift in Sources */,
				8020D98E29DC1F5800BC69C5 /* Quran.swift in Sources */,
				8020D96429DBFB2400BC69C5 /* AppDelegate.swift in Sources */,
				8020D96629DBFB2400BC69C5 /* SceneDelegate.swift in Sources */,
			);
			runOnlyForDeploymentPostprocessing = 0;
		};
/* End PBXSourcesBuildPhase section */

/* Begin PBXVariantGroup section */
		8020D96929DBFB2400BC69C5 /* Main.storyboard */ = {
			isa = PBXVariantGroup;
			children = (
				8020D96A29DBFB2400BC69C5 /* Base */,
			);
			name = Main.storyboard;
			sourceTree = "<group>";
		};
		8020D97129DBFB2700BC69C5 /* LaunchScreen.storyboard */ = {
			isa = PBXVariantGroup;
			children = (
				8020D97229DBFB2700BC69C5 /* Base */,
			);
			name = LaunchScreen.storyboard;
			sourceTree = "<group>";
		};
/* End PBXVariantGroup section */

/* Begin XCBuildConfiguration section */
		8020D97529DBFB2700BC69C5 /* Debug */ = {
			isa = XCBuildConfiguration;
			buildSettings = {
				ALWAYS_SEARCH_USER_PATHS = NO;
				CLANG_ANALYZER_NONNULL = YES;
				CLANG_ANALYZER_NUMBER_OBJECT_CONVERSION = YES_AGGRESSIVE;
				CLANG_CXX_LANGUAGE_STANDARD = "gnu++20";
				CLANG_ENABLE_MODULES = YES;
				CLANG_ENABLE_OBJC_ARC = YES;
				CLANG_ENABLE_OBJC_WEAK = YES;
				CLANG_WARN_BLOCK_CAPTURE_AUTORELEASING = YES;
				CLANG_WARN_BOOL_CONVERSION = YES;
				CLANG_WARN_COMMA = YES;
				CLANG_WARN_CONSTANT_CONVERSION = YES;
				CLANG_WARN_DEPRECATED_OBJC_IMPLEMENTATIONS = YES;
				CLANG_WARN_DIRECT_OBJC_ISA_USAGE = YES_ERROR;
				CLANG_WARN_DOCUMENTATION_COMMENTS = YES;
				CLANG_WARN_EMPTY_BODY = YES;
				CLANG_WARN_ENUM_CONVERSION = YES;
				CLANG_WARN_INFINITE_RECURSION = YES;
				CLANG_WARN_INT_CONVERSION = YES;
				CLANG_WARN_NON_LITERAL_NULL_CONVERSION = YES;
				CLANG_WARN_OBJC_IMPLICIT_RETAIN_SELF = YES;
				CLANG_WARN_OBJC_LITERAL_CONVERSION = YES;
				CLANG_WARN_OBJC_ROOT_CLASS = YES_ERROR;
				CLANG_WARN_QUOTED_INCLUDE_IN_FRAMEWORK_HEADER = YES;
				CLANG_WARN_RANGE_LOOP_ANALYSIS = YES;
				CLANG_WARN_STRICT_PROTOTYPES = YES;
				CLANG_WARN_SUSPICIOUS_MOVE = YES;
				CLANG_WARN_UNGUARDED_AVAILABILITY = YES_AGGRESSIVE;
				CLANG_WARN_UNREACHABLE_CODE = YES;
				CLANG_WARN__DUPLICATE_METHOD_MATCH = YES;
				COPY_PHASE_STRIP = NO;
				DEBUG_INFORMATION_FORMAT = dwarf;
				ENABLE_STRICT_OBJC_MSGSEND = YES;
				ENABLE_TESTABILITY = YES;
				GCC_C_LANGUAGE_STANDARD = gnu11;
				GCC_DYNAMIC_NO_PIC = NO;
				GCC_NO_COMMON_BLOCKS = YES;
				GCC_OPTIMIZATION_LEVEL = 0;
				GCC_PREPROCESSOR_DEFINITIONS = (
					"DEBUG=1",
					"$(inherited)",
				);
				GCC_WARN_64_TO_32_BIT_CONVERSION = YES;
				GCC_WARN_ABOUT_RETURN_TYPE = YES_ERROR;
				GCC_WARN_UNDECLARED_SELECTOR = YES;
				GCC_WARN_UNINITIALIZED_AUTOS = YES_AGGRESSIVE;
				GCC_WARN_UNUSED_FUNCTION = YES;
				GCC_WARN_UNUSED_VARIABLE = YES;
				IPHONEOS_DEPLOYMENT_TARGET = 16.2;
				MTL_ENABLE_DEBUG_INFO = INCLUDE_SOURCE;
				MTL_FAST_MATH = YES;
				ONLY_ACTIVE_ARCH = YES;
				SDKROOT = iphoneos;
				SWIFT_ACTIVE_COMPILATION_CONDITIONS = DEBUG;
				SWIFT_OPTIMIZATION_LEVEL = "-Onone";
			};
			name = Debug;
		};
		8020D97629DBFB2700BC69C5 /* Release */ = {
			isa = XCBuildConfiguration;
			buildSettings = {
				ALWAYS_SEARCH_USER_PATHS = NO;
				CLANG_ANALYZER_NONNULL = YES;
				CLANG_ANALYZER_NUMBER_OBJECT_CONVERSION = YES_AGGRESSIVE;
				CLANG_CXX_LANGUAGE_STANDARD = "gnu++20";
				CLANG_ENABLE_MODULES = YES;
				CLANG_ENABLE_OBJC_ARC = YES;
				CLANG_ENABLE_OBJC_WEAK = YES;
				CLANG_WARN_BLOCK_CAPTURE_AUTORELEASING = YES;
				CLANG_WARN_BOOL_CONVERSION = YES;
				CLANG_WARN_COMMA = YES;
				CLANG_WARN_CONSTANT_CONVERSION = YES;
				CLANG_WARN_DEPRECATED_OBJC_IMPLEMENTATIONS = YES;
				CLANG_WARN_DIRECT_OBJC_ISA_USAGE = YES_ERROR;
				CLANG_WARN_DOCUMENTATION_COMMENTS = YES;
				CLANG_WARN_EMPTY_BODY = YES;
				CLANG_WARN_ENUM_CONVERSION = YES;
				CLANG_WARN_INFINITE_RECURSION = YES;
				CLANG_WARN_INT_CONVERSION = YES;
				CLANG_WARN_NON_LITERAL_NULL_CONVERSION = YES;
				CLANG_WARN_OBJC_IMPLICIT_RETAIN_SELF = YES;
				CLANG_WARN_OBJC_LITERAL_CONVERSION = YES;
				CLANG_WARN_OBJC_ROOT_CLASS = YES_ERROR;
				CLANG_WARN_QUOTED_INCLUDE_IN_FRAMEWORK_HEADER = YES;
				CLANG_WARN_RANGE_LOOP_ANALYSIS = YES;
				CLANG_WARN_STRICT_PROTOTYPES = YES;
				CLANG_WARN_SUSPICIOUS_MOVE = YES;
				CLANG_WARN_UNGUARDED_AVAILABILITY = YES_AGGRESSIVE;
				CLANG_WARN_UNREACHABLE_CODE = YES;
				CLANG_WARN__DUPLICATE_METHOD_MATCH = YES;
				COPY_PHASE_STRIP = NO;
				DEBUG_INFORMATION_FORMAT = "dwarf-with-dsym";
				ENABLE_NS_ASSERTIONS = NO;
				ENABLE_STRICT_OBJC_MSGSEND = YES;
				GCC_C_LANGUAGE_STANDARD = gnu11;
				GCC_NO_COMMON_BLOCKS = YES;
				GCC_WARN_64_TO_32_BIT_CONVERSION = YES;
				GCC_WARN_ABOUT_RETURN_TYPE = YES_ERROR;
				GCC_WARN_UNDECLARED_SELECTOR = YES;
				GCC_WARN_UNINITIALIZED_AUTOS = YES_AGGRESSIVE;
				GCC_WARN_UNUSED_FUNCTION = YES;
				GCC_WARN_UNUSED_VARIABLE = YES;
				IPHONEOS_DEPLOYMENT_TARGET = 16.2;
				MTL_ENABLE_DEBUG_INFO = NO;
				MTL_FAST_MATH = YES;
				SDKROOT = iphoneos;
				SWIFT_COMPILATION_MODE = wholemodule;
				SWIFT_OPTIMIZATION_LEVEL = "-O";
				VALIDATE_PRODUCT = YES;
			};
			name = Release;
		};
		8020D97829DBFB2700BC69C5 /* Debug */ = {
			isa = XCBuildConfiguration;
			buildSettings = {
				ASSETCATALOG_COMPILER_APPICON_NAME = AppIcon;
				ASSETCATALOG_COMPILER_GLOBAL_ACCENT_COLOR_NAME = AccentColor;
				CODE_SIGN_STYLE = Automatic;
				CURRENT_PROJECT_VERSION = 1;
				DEVELOPMENT_TEAM = 7VP863SW97;
				GENERATE_INFOPLIST_FILE = YES;
				INFOPLIST_FILE = IslamGuide.uz/App/Info.plist;
				INFOPLIST_KEY_UIApplicationSupportsIndirectInputEvents = YES;
				INFOPLIST_KEY_UILaunchStoryboardName = LaunchScreen;
				INFOPLIST_KEY_UIMainStoryboardFile = Main;
				INFOPLIST_KEY_UISupportedInterfaceOrientations = UIInterfaceOrientationPortrait;
				INFOPLIST_KEY_UISupportedInterfaceOrientations_iPad = "UIInterfaceOrientationLandscapeLeft UIInterfaceOrientationLandscapeRight UIInterfaceOrientationPortrait UIInterfaceOrientationPortraitUpsideDown";
				IPHONEOS_DEPLOYMENT_TARGET = 15.0;
				LD_RUNPATH_SEARCH_PATHS = (
					"$(inherited)",
					"@executable_path/Frameworks",
				);
				MARKETING_VERSION = 1.0;
				PRODUCT_BUNDLE_IDENTIFIER = "co.bektemur.IslamGuide-uz";
				PRODUCT_NAME = "$(TARGET_NAME)";
				SUPPORTED_PLATFORMS = "iphoneos iphonesimulator";
				SUPPORTS_MACCATALYST = NO;
				SUPPORTS_MAC_DESIGNED_FOR_IPHONE_IPAD = NO;
				SWIFT_EMIT_LOC_STRINGS = YES;
				SWIFT_VERSION = 5.0;
				TARGETED_DEVICE_FAMILY = 1;
			};
			name = Debug;
		};
		8020D97929DBFB2700BC69C5 /* Release */ = {
			isa = XCBuildConfiguration;
			buildSettings = {
				ASSETCATALOG_COMPILER_APPICON_NAME = AppIcon;
				ASSETCATALOG_COMPILER_GLOBAL_ACCENT_COLOR_NAME = AccentColor;
				CODE_SIGN_STYLE = Automatic;
				CURRENT_PROJECT_VERSION = 1;
				DEVELOPMENT_TEAM = 7VP863SW97;
				GENERATE_INFOPLIST_FILE = YES;
				INFOPLIST_FILE = IslamGuide.uz/App/Info.plist;
				INFOPLIST_KEY_UIApplicationSupportsIndirectInputEvents = YES;
				INFOPLIST_KEY_UILaunchStoryboardName = LaunchScreen;
				INFOPLIST_KEY_UIMainStoryboardFile = Main;
				INFOPLIST_KEY_UISupportedInterfaceOrientations = UIInterfaceOrientationPortrait;
				INFOPLIST_KEY_UISupportedInterfaceOrientations_iPad = "UIInterfaceOrientationLandscapeLeft UIInterfaceOrientationLandscapeRight UIInterfaceOrientationPortrait UIInterfaceOrientationPortraitUpsideDown";
				IPHONEOS_DEPLOYMENT_TARGET = 15.0;
				LD_RUNPATH_SEARCH_PATHS = (
					"$(inherited)",
					"@executable_path/Frameworks",
				);
				MARKETING_VERSION = 1.0;
				PRODUCT_BUNDLE_IDENTIFIER = "co.bektemur.IslamGuide-uz";
				PRODUCT_NAME = "$(TARGET_NAME)";
				SUPPORTED_PLATFORMS = "iphoneos iphonesimulator";
				SUPPORTS_MACCATALYST = NO;
				SUPPORTS_MAC_DESIGNED_FOR_IPHONE_IPAD = NO;
				SWIFT_EMIT_LOC_STRINGS = YES;
				SWIFT_VERSION = 5.0;
				TARGETED_DEVICE_FAMILY = 1;
			};
			name = Release;
		};
/* End XCBuildConfiguration section */

/* Begin XCConfigurationList section */
		8020D95B29DBFB2400BC69C5 /* Build configuration list for PBXProject "IslamGuide.uz" */ = {
			isa = XCConfigurationList;
			buildConfigurations = (
				8020D97529DBFB2700BC69C5 /* Debug */,
				8020D97629DBFB2700BC69C5 /* Release */,
			);
			defaultConfigurationIsVisible = 0;
			defaultConfigurationName = Release;
		};
		8020D97729DBFB2700BC69C5 /* Build configuration list for PBXNativeTarget "IslamGuide.uz" */ = {
			isa = XCConfigurationList;
			buildConfigurations = (
				8020D97829DBFB2700BC69C5 /* Debug */,
				8020D97929DBFB2700BC69C5 /* Release */,
			);
			defaultConfigurationIsVisible = 0;
			defaultConfigurationName = Release;
		};
/* End XCConfigurationList section */

/* Begin XCRemoteSwiftPackageReference section */
		8020D98329DC1A0000BC69C5 /* XCRemoteSwiftPackageReference "Alamofire" */ = {
			isa = XCRemoteSwiftPackageReference;
			repositoryURL = "https://github.com/Alamofire/Alamofire.git";
			requirement = {
				kind = exactVersion;
				version = 5.0.0;
			};
		};
		8020D98629DC1A1700BC69C5 /* XCRemoteSwiftPackageReference "SpringAnimation" */ = {
			isa = XCRemoteSwiftPackageReference;
			repositoryURL = "https://github.com/LexDeBash/SpringAnimation";
			requirement = {
				kind = upToNextMajorVersion;
				minimumVersion = 0.3.0;
			};
		};
/* End XCRemoteSwiftPackageReference section */

/* Begin XCSwiftPackageProductDependency section */
		8020D98429DC1A0000BC69C5 /* Alamofire */ = {
			isa = XCSwiftPackageProductDependency;
			package = 8020D98329DC1A0000BC69C5 /* XCRemoteSwiftPackageReference "Alamofire" */;
			productName = Alamofire;
		};
		8020D98729DC1A1700BC69C5 /* SpringAnimation */ = {
			isa = XCSwiftPackageProductDependency;
			package = 8020D98629DC1A1700BC69C5 /* XCRemoteSwiftPackageReference "SpringAnimation" */;
			productName = SpringAnimation;
		};
/* End XCSwiftPackageProductDependency section */

/* Begin XCVersionGroup section */
		8020D96C29DBFB2500BC69C5 /* IslamGuide_uz.xcdatamodeld */ = {
			isa = XCVersionGroup;
			children = (
				8020D96D29DBFB2500BC69C5 /* IslamGuide_uz.xcdatamodel */,
			);
			currentVersion = 8020D96D29DBFB2500BC69C5 /* IslamGuide_uz.xcdatamodel */;
			path = IslamGuide_uz.xcdatamodeld;
			sourceTree = "<group>";
			versionGroupType = wrapper.xcdatamodel;
		};
/* End XCVersionGroup section */
	};
	rootObject = 8020D95829DBFB2400BC69C5 /* Project object */;
}
